
Microsoft Visual Studio Solution File, Format Version 12.00
# Visual Studio Version 17
VisualStudioVersion = 17.9.34607.119
MinimumVisualStudioVersion = 10.0.40219.1
Project("{FAE04EC0-301F-11D3-BF4B-00C04F79EFBC}") = "BooksManagement", "BooksManagement\BooksManagement.csproj", "{D93B766D-9E43-4329-BC1F-A3660EB9338E}"
EndProject
Global
	GlobalSection(SolutionConfigurationPlatforms) = preSolution
		Debug|Any CPU = Debug|Any CPU
		Release|Any CPU = Release|Any CPU
	EndGlobalSection
	GlobalSection(ProjectConfigurationPlatforms) = postSolution
		{D93B766D-9E43-4329-BC1F-A3660EB9338E}.Debug|Any CPU.ActiveCfg = Debug|Any CPU
		{D93B766D-9E43-4329-BC1F-A3660EB9338E}.Debug|Any CPU.Build.0 = Debug|Any CPU
		{D93B766D-9E43-4329-BC1F-A3660EB9338E}.Release|Any CPU.ActiveCfg = Release|Any CPU
		{D93B766D-9E43-4329-BC1F-A3660EB9338E}.Release|Any CPU.Build.0 = Release|Any CPU
	EndGlobalSection
	GlobalSection(SolutionProperties) = preSolution
		HideSolutionNode = FALSE
	EndGlobalSection
	GlobalSection(ExtensibilityGlobals) = postSolution
		SolutionGuid = {CDF3CCED-DF93-4356-AA0C-85F345DBD6B7}
	EndGlobalSection
EndGlobal
